
Microsoft Visual Studio Solution File, Format Version 12.00
# Visual Studio Version 17
VisualStudioVersion = 17.3.32901.215
MinimumVisualStudioVersion = 10.0.40219.1
Project("{9A19103F-16F7-4668-BE54-9A1E7A4F7556}") = "App_video_Game", "App_video_Game.csproj", "{EE486698-AB52-42CB-A487-354104FC31EB}"
EndProject
Global
	GlobalSection(SolutionConfigurationPlatforms) = preSolution
		Debug|Any CPU = Debug|Any CPU
		Release|Any CPU = Release|Any CPU
	EndGlobalSection
	GlobalSection(ProjectConfigurationPlatforms) = postSolution
		{EE486698-AB52-42CB-A487-354104FC31EB}.Debug|Any CPU.ActiveCfg = Debug|Any CPU
		{EE486698-AB52-42CB-A487-354104FC31EB}.Debug|Any CPU.Build.0 = Debug|Any CPU
		{EE486698-AB52-42CB-A487-354104FC31EB}.Release|Any CPU.ActiveCfg = Release|Any CPU
		{EE486698-AB52-42CB-A487-354104FC31EB}.Release|Any CPU.Build.0 = Release|Any CPU
	EndGlobalSection
	GlobalSection(SolutionProperties) = preSolution
		HideSolutionNode = FALSE
	EndGlobalSection
	GlobalSection(ExtensibilityGlobals) = postSolution
		SolutionGuid = {296122A5-1F19-40A0-8CD3-DC88937B1EB3}
	EndGlobalSection
EndGlobal
